
Microsoft Visual Studio Solution File, Format Version 12.00
# Visual Studio Version 16
VisualStudioVersion = 16.0.31112.23
MinimumVisualStudioVersion = 10.0.40219.1
Project("{9A19103F-16F7-4668-BE54-9A1E7A4F7556}") = "HomeExpenseUI", "HomeExpenseUI\HomeExpenseUI.csproj", "{14DD7FC9-463B-40A9-AF31-7FC5682379DC}"
EndProject
Project("{54435603-DBB4-11D2-8724-00A0C9A8B90C}") = "Setup", "Setup\Setup.vdproj", "{A2717684-EBD8-4B45-AEBB-7E890DDF3BC6}"
EndProject
Global
	GlobalSection(SolutionConfigurationPlatforms) = preSolution
		Debug|Any CPU = Debug|Any CPU
		Debug|x64 = Debug|x64
		Release|Any CPU = Release|Any CPU
		Release|x64 = Release|x64
	EndGlobalSection
	GlobalSection(ProjectConfigurationPlatforms) = postSolution
		{14DD7FC9-463B-40A9-AF31-7FC5682379DC}.Debug|Any CPU.ActiveCfg = Debug|Any CPU
		{14DD7FC9-463B-40A9-AF31-7FC5682379DC}.Debug|Any CPU.Build.0 = Debug|Any CPU
		{14DD7FC9-463B-40A9-AF31-7FC5682379DC}.Debug|x64.ActiveCfg = Debug|x64
		{14DD7FC9-463B-40A9-AF31-7FC5682379DC}.Debug|x64.Build.0 = Debug|x64
		{14DD7FC9-463B-40A9-AF31-7FC5682379DC}.Release|Any CPU.ActiveCfg = Release|Any CPU
		{14DD7FC9-463B-40A9-AF31-7FC5682379DC}.Release|Any CPU.Build.0 = Release|Any CPU
		{14DD7FC9-463B-40A9-AF31-7FC5682379DC}.Release|x64.ActiveCfg = Release|x64
		{14DD7FC9-463B-40A9-AF31-7FC5682379DC}.Release|x64.Build.0 = Release|x64
		{A2717684-EBD8-4B45-AEBB-7E890DDF3BC6}.Debug|Any CPU.ActiveCfg = Debug
		{A2717684-EBD8-4B45-AEBB-7E890DDF3BC6}.Debug|x64.ActiveCfg = Debug
		{A2717684-EBD8-4B45-AEBB-7E890DDF3BC6}.Release|Any CPU.ActiveCfg = Release
		{A2717684-EBD8-4B45-AEBB-7E890DDF3BC6}.Release|x64.ActiveCfg = Release
	EndGlobalSection
	GlobalSection(SolutionProperties) = preSolution
		HideSolutionNode = FALSE
	EndGlobalSection
	GlobalSection(ExtensibilityGlobals) = postSolution
		SolutionGuid = {893DCDE8-B884-4094-9C21-263930B57676}
	EndGlobalSection
EndGlobal
